
Microsoft Visual Studio Solution File, Format Version 12.00
# Visual Studio 15
VisualStudioVersion = 15.0.28307.1231
MinimumVisualStudioVersion = 10.0.40219.1
Project("{FAE04EC0-301F-11D3-BF4B-00C04F79EFBC}") = "FarbenRaten", "FarbenRaten\FarbenRaten.csproj", "{AFE8A816-3104-46D1-9DB7-EB6F5192B839}"
EndProject
Project("{2150E333-8FDC-42A3-9474-1A3956D46DE8}") = "Solution Items", "Solution Items", "{2BDE73A0-4EC5-47E4-804A-7C0750B6A316}"
	ProjectSection(SolutionItems) = preProject
		Bedienung_FarbenSpiel.png = Bedienung_FarbenSpiel.png
		README.MD = README.MD
	EndProjectSection
EndProject
Global
	GlobalSection(SolutionConfigurationPlatforms) = preSolution
		Debug|Any CPU = Debug|Any CPU
		Release|Any CPU = Release|Any CPU
	EndGlobalSection
	GlobalSection(ProjectConfigurationPlatforms) = postSolution
		{AFE8A816-3104-46D1-9DB7-EB6F5192B839}.Debug|Any CPU.ActiveCfg = Debug|Any CPU
		{AFE8A816-3104-46D1-9DB7-EB6F5192B839}.Debug|Any CPU.Build.0 = Debug|Any CPU
		{AFE8A816-3104-46D1-9DB7-EB6F5192B839}.Release|Any CPU.ActiveCfg = Release|Any CPU
		{AFE8A816-3104-46D1-9DB7-EB6F5192B839}.Release|Any CPU.Build.0 = Release|Any CPU
	EndGlobalSection
	GlobalSection(SolutionProperties) = preSolution
		HideSolutionNode = FALSE
	EndGlobalSection
	GlobalSection(ExtensibilityGlobals) = postSolution
		SolutionGuid = {CEC7FBD2-D327-4DB0-ACB8-AD719B882A79}
	EndGlobalSection
EndGlobal
